// !$*UTF8*$!
{
	archiveVersion = 1;
	classes = {
	};
	objectVersion = 50;
	objects = {

/* Begin PBXBuildFile section */
		490D02812588B42F00A2F038 /* ToDoDiaryApp.swift in Sources */ = {isa = PBXBuildFile; fileRef = 490D02802588B42F00A2F038 /* ToDoDiaryApp.swift */; };
		490D02852588B43000A2F038 /* Assets.xcassets in Resources */ = {isa = PBXBuildFile; fileRef = 490D02842588B43000A2F038 /* Assets.xcassets */; };
		490D02882588B43000A2F038 /* Preview Assets.xcassets in Resources */ = {isa = PBXBuildFile; fileRef = 490D02872588B43000A2F038 /* Preview Assets.xcassets */; };
		490D02932588B43000A2F038 /* ToDoDiaryTests.swift in Sources */ = {isa = PBXBuildFile; fileRef = 490D02922588B43000A2F038 /* ToDoDiaryTests.swift */; };
		490D029E2588B43000A2F038 /* ToDoDiaryUITests.swift in Sources */ = {isa = PBXBuildFile; fileRef = 490D029D2588B43000A2F038 /* ToDoDiaryUITests.swift */; };
		491316E6258A3E2900CF2B6C /* TabBar.swift in Sources */ = {isa = PBXBuildFile; fileRef = 491316E5258A3E2900CF2B6C /* TabBar.swift */; };
		491316EE258A419600CF2B6C /* NavigationBar.swift in Sources */ = {isa = PBXBuildFile; fileRef = 491316ED258A419600CF2B6C /* NavigationBar.swift */; };
		491316F3258A425600CF2B6C /* MainView.swift in Sources */ = {isa = PBXBuildFile; fileRef = 491316F2258A425600CF2B6C /* MainView.swift */; };
		491316FB258A42B900CF2B6C /* CurrentView.swift in Sources */ = {isa = PBXBuildFile; fileRef = 491316FA258A42B900CF2B6C /* CurrentView.swift */; };
		49131701258A43EB00CF2B6C /* CalendarView.swift in Sources */ = {isa = PBXBuildFile; fileRef = 49131700258A43EB00CF2B6C /* CalendarView.swift */; };
		49131706258A58DD00CF2B6C /* DayBar.swift in Sources */ = {isa = PBXBuildFile; fileRef = 49131705258A58DD00CF2B6C /* DayBar.swift */; };
		49A94653258EF2FB0048DA05 /* CalendarManagerTests.swift in Sources */ = {isa = PBXBuildFile; fileRef = 49A94652258EF2FB0048DA05 /* CalendarManagerTests.swift */; };
		49A94662258EF8E00048DA05 /* CalendarViewModel.swift in Sources */ = {isa = PBXBuildFile; fileRef = 49A94661258EF8E00048DA05 /* CalendarViewModel.swift */; };
		49D8393A258DA19D00BA9AA6 /* ColorManager.swift in Sources */ = {isa = PBXBuildFile; fileRef = 49D83939258DA19D00BA9AA6 /* ColorManager.swift */; };
		49D8393F258DA1B400BA9AA6 /* Color.xcassets in Resources */ = {isa = PBXBuildFile; fileRef = 49D8393E258DA1B400BA9AA6 /* Color.xcassets */; };
		49D83947258DAEEF00BA9AA6 /* CalendarManager.swift in Sources */ = {isa = PBXBuildFile; fileRef = 49D83946258DAEEF00BA9AA6 /* CalendarManager.swift */; };
		49D8394C258DB9A600BA9AA6 /* FontManager.swift in Sources */ = {isa = PBXBuildFile; fileRef = 49D8394B258DB9A600BA9AA6 /* FontManager.swift */; };
		49FD8BA1258DA07D005219C5 /* CalendarCell.swift in Sources */ = {isa = PBXBuildFile; fileRef = 49FD8BA0258DA07D005219C5 /* CalendarCell.swift */; };
/* End PBXBuildFile section */

/* Begin PBXContainerItemProxy section */
		490D028F2588B43000A2F038 /* PBXContainerItemProxy */ = {
			isa = PBXContainerItemProxy;
			containerPortal = 490D02752588B42F00A2F038 /* Project object */;
			proxyType = 1;
			remoteGlobalIDString = 490D027C2588B42F00A2F038;
			remoteInfo = ToDoDiary;
		};
		490D029A2588B43000A2F038 /* PBXContainerItemProxy */ = {
			isa = PBXContainerItemProxy;
			containerPortal = 490D02752588B42F00A2F038 /* Project object */;
			proxyType = 1;
			remoteGlobalIDString = 490D027C2588B42F00A2F038;
			remoteInfo = ToDoDiary;
		};
/* End PBXContainerItemProxy section */

/* Begin PBXFileReference section */
		490D027D2588B42F00A2F038 /* ToDoDiary.app */ = {isa = PBXFileReference; explicitFileType = wrapper.application; includeInIndex = 0; path = ToDoDiary.app; sourceTree = BUILT_PRODUCTS_DIR; };
		490D02802588B42F00A2F038 /* ToDoDiaryApp.swift */ = {isa = PBXFileReference; lastKnownFileType = sourcecode.swift; path = ToDoDiaryApp.swift; sourceTree = "<group>"; };
		490D02842588B43000A2F038 /* Assets.xcassets */ = {isa = PBXFileReference; lastKnownFileType = folder.assetcatalog; path = Assets.xcassets; sourceTree = "<group>"; };
		490D02872588B43000A2F038 /* Preview Assets.xcassets */ = {isa = PBXFileReference; lastKnownFileType = folder.assetcatalog; path = "Preview Assets.xcassets"; sourceTree = "<group>"; };
		490D02892588B43000A2F038 /* Info.plist */ = {isa = PBXFileReference; lastKnownFileType = text.plist.xml; path = Info.plist; sourceTree = "<group>"; };
		490D028E2588B43000A2F038 /* ToDoDiaryTests.xctest */ = {isa = PBXFileReference; explicitFileType = wrapper.cfbundle; includeInIndex = 0; path = ToDoDiaryTests.xctest; sourceTree = BUILT_PRODUCTS_DIR; };
		490D02922588B43000A2F038 /* ToDoDiaryTests.swift */ = {isa = PBXFileReference; lastKnownFileType = sourcecode.swift; path = ToDoDiaryTests.swift; sourceTree = "<group>"; };
		490D02942588B43000A2F038 /* Info.plist */ = {isa = PBXFileReference; lastKnownFileType = text.plist.xml; path = Info.plist; sourceTree = "<group>"; };
		490D02992588B43000A2F038 /* ToDoDiaryUITests.xctest */ = {isa = PBXFileReference; explicitFileType = wrapper.cfbundle; includeInIndex = 0; path = ToDoDiaryUITests.xctest; sourceTree = BUILT_PRODUCTS_DIR; };
		490D029D2588B43000A2F038 /* ToDoDiaryUITests.swift */ = {isa = PBXFileReference; lastKnownFileType = sourcecode.swift; path = ToDoDiaryUITests.swift; sourceTree = "<group>"; };
		490D029F2588B43000A2F038 /* Info.plist */ = {isa = PBXFileReference; lastKnownFileType = text.plist.xml; path = Info.plist; sourceTree = "<group>"; };
		491316E5258A3E2900CF2B6C /* TabBar.swift */ = {isa = PBXFileReference; lastKnownFileType = sourcecode.swift; path = TabBar.swift; sourceTree = "<group>"; };
		491316ED258A419600CF2B6C /* NavigationBar.swift */ = {isa = PBXFileReference; lastKnownFileType = sourcecode.swift; path = NavigationBar.swift; sourceTree = "<group>"; };
		491316F2258A425600CF2B6C /* MainView.swift */ = {isa = PBXFileReference; lastKnownFileType = sourcecode.swift; path = MainView.swift; sourceTree = "<group>"; };
		491316FA258A42B900CF2B6C /* CurrentView.swift */ = {isa = PBXFileReference; lastKnownFileType = sourcecode.swift; path = CurrentView.swift; sourceTree = "<group>"; };
		49131700258A43EB00CF2B6C /* CalendarView.swift */ = {isa = PBXFileReference; lastKnownFileType = sourcecode.swift; path = CalendarView.swift; sourceTree = "<group>"; };
		49131705258A58DD00CF2B6C /* DayBar.swift */ = {isa = PBXFileReference; lastKnownFileType = sourcecode.swift; path = DayBar.swift; sourceTree = "<group>"; };
		49A94652258EF2FB0048DA05 /* CalendarManagerTests.swift */ = {isa = PBXFileReference; lastKnownFileType = sourcecode.swift; path = CalendarManagerTests.swift; sourceTree = "<group>"; };
		49A94661258EF8E00048DA05 /* CalendarViewModel.swift */ = {isa = PBXFileReference; lastKnownFileType = sourcecode.swift; path = CalendarViewModel.swift; sourceTree = "<group>"; };
		49D83939258DA19D00BA9AA6 /* ColorManager.swift */ = {isa = PBXFileReference; lastKnownFileType = sourcecode.swift; path = ColorManager.swift; sourceTree = "<group>"; };
		49D8393E258DA1B400BA9AA6 /* Color.xcassets */ = {isa = PBXFileReference; lastKnownFileType = folder.assetcatalog; path = Color.xcassets; sourceTree = "<group>"; };
		49D83946258DAEEF00BA9AA6 /* CalendarManager.swift */ = {isa = PBXFileReference; lastKnownFileType = sourcecode.swift; path = CalendarManager.swift; sourceTree = "<group>"; };
		49D8394B258DB9A600BA9AA6 /* FontManager.swift */ = {isa = PBXFileReference; lastKnownFileType = sourcecode.swift; path = FontManager.swift; sourceTree = "<group>"; };
		49FD8BA0258DA07D005219C5 /* CalendarCell.swift */ = {isa = PBXFileReference; lastKnownFileType = sourcecode.swift; path = CalendarCell.swift; sourceTree = "<group>"; };
/* End PBXFileReference section */

/* Begin PBXFrameworksBuildPhase section */
		490D027A2588B42F00A2F038 /* Frameworks */ = {
			isa = PBXFrameworksBuildPhase;
			buildActionMask = 2147483647;
			files = (
			);
			runOnlyForDeploymentPostprocessing = 0;
		};
		490D028B2588B43000A2F038 /* Frameworks */ = {
			isa = PBXFrameworksBuildPhase;
			buildActionMask = 2147483647;
			files = (
			);
			runOnlyForDeploymentPostprocessing = 0;
		};
		490D02962588B43000A2F038 /* Frameworks */ = {
			isa = PBXFrameworksBuildPhase;
			buildActionMask = 2147483647;
			files = (
			);
			runOnlyForDeploymentPostprocessing = 0;
		};
/* End PBXFrameworksBuildPhase section */

/* Begin PBXGroup section */
		490D02742588B42F00A2F038 = {
			isa = PBXGroup;
			children = (
				490D027F2588B42F00A2F038 /* ToDoDiary */,
				490D02912588B43000A2F038 /* ToDoDiaryTests */,
				490D029C2588B43000A2F038 /* ToDoDiaryUITests */,
				490D027E2588B42F00A2F038 /* Products */,
			);
			sourceTree = "<group>";
		};
		490D027E2588B42F00A2F038 /* Products */ = {
			isa = PBXGroup;
			children = (
				490D027D2588B42F00A2F038 /* ToDoDiary.app */,
				490D028E2588B43000A2F038 /* ToDoDiaryTests.xctest */,
				490D02992588B43000A2F038 /* ToDoDiaryUITests.xctest */,
			);
			name = Products;
			sourceTree = "<group>";
		};
		490D027F2588B42F00A2F038 /* ToDoDiary */ = {
			isa = PBXGroup;
			children = (
				49A94660258EF8CF0048DA05 /* ViewModel */,
				49D83938258DA18800BA9AA6 /* Manager */,
				490D02802588B42F00A2F038 /* ToDoDiaryApp.swift */,
				491316F2258A425600CF2B6C /* MainView.swift */,
				491316E3258A3DFD00CF2B6C /* View */,
				490D02842588B43000A2F038 /* Assets.xcassets */,
				49D8393E258DA1B400BA9AA6 /* Color.xcassets */,
				490D02892588B43000A2F038 /* Info.plist */,
				490D02862588B43000A2F038 /* Preview Content */,
			);
			path = ToDoDiary;
			sourceTree = "<group>";
		};
		490D02862588B43000A2F038 /* Preview Content */ = {
			isa = PBXGroup;
			children = (
				490D02872588B43000A2F038 /* Preview Assets.xcassets */,
			);
			path = "Preview Content";
			sourceTree = "<group>";
		};
		490D02912588B43000A2F038 /* ToDoDiaryTests */ = {
			isa = PBXGroup;
			children = (
				490D02922588B43000A2F038 /* ToDoDiaryTests.swift */,
				49A94652258EF2FB0048DA05 /* CalendarManagerTests.swift */,
				490D02942588B43000A2F038 /* Info.plist */,
			);
			path = ToDoDiaryTests;
			sourceTree = "<group>";
		};
		490D029C2588B43000A2F038 /* ToDoDiaryUITests */ = {
			isa = PBXGroup;
			children = (
				490D029D2588B43000A2F038 /* ToDoDiaryUITests.swift */,
				490D029F2588B43000A2F038 /* Info.plist */,
			);
			path = ToDoDiaryUITests;
			sourceTree = "<group>";
		};
		491316E3258A3DFD00CF2B6C /* View */ = {
			isa = PBXGroup;
			children = (
				491316FF258A43B800CF2B6C /* Calendar */,
				491316E4258A3E0700CF2B6C /* General */,
			);
			path = View;
			sourceTree = "<group>";
		};
		491316E4258A3E0700CF2B6C /* General */ = {
			isa = PBXGroup;
			children = (
				491316E5258A3E2900CF2B6C /* TabBar.swift */,
				491316ED258A419600CF2B6C /* NavigationBar.swift */,
				491316FA258A42B900CF2B6C /* CurrentView.swift */,
			);
			path = General;
			sourceTree = "<group>";
		};
		491316FF258A43B800CF2B6C /* Calendar */ = {
			isa = PBXGroup;
			children = (
				49131700258A43EB00CF2B6C /* CalendarView.swift */,
				49FD8BA0258DA07D005219C5 /* CalendarCell.swift */,
				49131705258A58DD00CF2B6C /* DayBar.swift */,
			);
			path = Calendar;
			sourceTree = "<group>";
		};
		49A94660258EF8CF0048DA05 /* ViewModel */ = {
			isa = PBXGroup;
			children = (
				49A94661258EF8E00048DA05 /* CalendarViewModel.swift */,
			);
			path = ViewModel;
			sourceTree = "<group>";
		};
		49D83938258DA18800BA9AA6 /* Manager */ = {
			isa = PBXGroup;
			children = (
				49D83939258DA19D00BA9AA6 /* ColorManager.swift */,
				49D83946258DAEEF00BA9AA6 /* CalendarManager.swift */,
				49D8394B258DB9A600BA9AA6 /* FontManager.swift */,
			);
			path = Manager;
			sourceTree = "<group>";
		};
/* End PBXGroup section */

/* Begin PBXNativeTarget section */
		490D027C2588B42F00A2F038 /* ToDoDiary */ = {
			isa = PBXNativeTarget;
			buildConfigurationList = 490D02A22588B43000A2F038 /* Build configuration list for PBXNativeTarget "ToDoDiary" */;
			buildPhases = (
				490D02792588B42F00A2F038 /* Sources */,
				490D027A2588B42F00A2F038 /* Frameworks */,
				490D027B2588B42F00A2F038 /* Resources */,
			);
			buildRules = (
			);
			dependencies = (
			);
			name = ToDoDiary;
			productName = ToDoDiary;
			productReference = 490D027D2588B42F00A2F038 /* ToDoDiary.app */;
			productType = "com.apple.product-type.application";
		};
		490D028D2588B43000A2F038 /* ToDoDiaryTests */ = {
			isa = PBXNativeTarget;
			buildConfigurationList = 490D02A52588B43000A2F038 /* Build configuration list for PBXNativeTarget "ToDoDiaryTests" */;
			buildPhases = (
				490D028A2588B43000A2F038 /* Sources */,
				490D028B2588B43000A2F038 /* Frameworks */,
				490D028C2588B43000A2F038 /* Resources */,
			);
			buildRules = (
			);
			dependencies = (
				490D02902588B43000A2F038 /* PBXTargetDependency */,
			);
			name = ToDoDiaryTests;
			productName = ToDoDiaryTests;
			productReference = 490D028E2588B43000A2F038 /* ToDoDiaryTests.xctest */;
			productType = "com.apple.product-type.bundle.unit-test";
		};
		490D02982588B43000A2F038 /* ToDoDiaryUITests */ = {
			isa = PBXNativeTarget;
			buildConfigurationList = 490D02A82588B43000A2F038 /* Build configuration list for PBXNativeTarget "ToDoDiaryUITests" */;
			buildPhases = (
				490D02952588B43000A2F038 /* Sources */,
				490D02962588B43000A2F038 /* Frameworks */,
				490D02972588B43000A2F038 /* Resources */,
			);
			buildRules = (
			);
			dependencies = (
				490D029B2588B43000A2F038 /* PBXTargetDependency */,
			);
			name = ToDoDiaryUITests;
			productName = ToDoDiaryUITests;
			productReference = 490D02992588B43000A2F038 /* ToDoDiaryUITests.xctest */;
			productType = "com.apple.product-type.bundle.ui-testing";
		};
/* End PBXNativeTarget section */

/* Begin PBXProject section */
		490D02752588B42F00A2F038 /* Project object */ = {
			isa = PBXProject;
			attributes = {
				LastSwiftUpdateCheck = 1210;
				LastUpgradeCheck = 1210;
				TargetAttributes = {
					490D027C2588B42F00A2F038 = {
						CreatedOnToolsVersion = 12.1;
					};
					490D028D2588B43000A2F038 = {
						CreatedOnToolsVersion = 12.1;
						TestTargetID = 490D027C2588B42F00A2F038;
					};
					490D02982588B43000A2F038 = {
						CreatedOnToolsVersion = 12.1;
						TestTargetID = 490D027C2588B42F00A2F038;
					};
				};
			};
			buildConfigurationList = 490D02782588B42F00A2F038 /* Build configuration list for PBXProject "ToDoDiary" */;
			compatibilityVersion = "Xcode 9.3";
			developmentRegion = en;
			hasScannedForEncodings = 0;
			knownRegions = (
				en,
				Base,
			);
			mainGroup = 490D02742588B42F00A2F038;
			productRefGroup = 490D027E2588B42F00A2F038 /* Products */;
			projectDirPath = "";
			projectRoot = "";
			targets = (
				490D027C2588B42F00A2F038 /* ToDoDiary */,
				490D028D2588B43000A2F038 /* ToDoDiaryTests */,
				490D02982588B43000A2F038 /* ToDoDiaryUITests */,
			);
		};
/* End PBXProject section */

/* Begin PBXResourcesBuildPhase section */
		490D027B2588B42F00A2F038 /* Resources */ = {
			isa = PBXResourcesBuildPhase;
			buildActionMask = 2147483647;
			files = (
				490D02882588B43000A2F038 /* Preview Assets.xcassets in Resources */,
				490D02852588B43000A2F038 /* Assets.xcassets in Resources */,
				49D8393F258DA1B400BA9AA6 /* Color.xcassets in Resources */,
			);
			runOnlyForDeploymentPostprocessing = 0;
		};
		490D028C2588B43000A2F038 /* Resources */ = {
			isa = PBXResourcesBuildPhase;
			buildActionMask = 2147483647;
			files = (
			);
			runOnlyForDeploymentPostprocessing = 0;
		};
		490D02972588B43000A2F038 /* Resources */ = {
			isa = PBXResourcesBuildPhase;
			buildActionMask = 2147483647;
			files = (
			);
			runOnlyForDeploymentPostprocessing = 0;
		};
/* End PBXResourcesBuildPhase section */

/* Begin PBXSourcesBuildPhase section */
		490D02792588B42F00A2F038 /* Sources */ = {
			isa = PBXSourcesBuildPhase;
			buildActionMask = 2147483647;
			files = (
				49A94662258EF8E00048DA05 /* CalendarViewModel.swift in Sources */,
				49131701258A43EB00CF2B6C /* CalendarView.swift in Sources */,
				491316E6258A3E2900CF2B6C /* TabBar.swift in Sources */,
				490D02812588B42F00A2F038 /* ToDoDiaryApp.swift in Sources */,
				491316F3258A425600CF2B6C /* MainView.swift in Sources */,
				49131706258A58DD00CF2B6C /* DayBar.swift in Sources */,
				491316FB258A42B900CF2B6C /* CurrentView.swift in Sources */,
				49D8394C258DB9A600BA9AA6 /* FontManager.swift in Sources */,
				49D8393A258DA19D00BA9AA6 /* ColorManager.swift in Sources */,
				491316EE258A419600CF2B6C /* NavigationBar.swift in Sources */,
				49FD8BA1258DA07D005219C5 /* CalendarCell.swift in Sources */,
				49D83947258DAEEF00BA9AA6 /* CalendarManager.swift in Sources */,
			);
			runOnlyForDeploymentPostprocessing = 0;
		};
		490D028A2588B43000A2F038 /* Sources */ = {
			isa = PBXSourcesBuildPhase;
			buildActionMask = 2147483647;
			files = (
				49A94653258EF2FB0048DA05 /* CalendarManagerTests.swift in Sources */,
				490D02932588B43000A2F038 /* ToDoDiaryTests.swift in Sources */,
			);
			runOnlyForDeploymentPostprocessing = 0;
		};
		490D02952588B43000A2F038 /* Sources */ = {
			isa = PBXSourcesBuildPhase;
			buildActionMask = 2147483647;
			files = (
				490D029E2588B43000A2F038 /* ToDoDiaryUITests.swift in Sources */,
			);
			runOnlyForDeploymentPostprocessing = 0;
		};
/* End PBXSourcesBuildPhase section */

/* Begin PBXTargetDependency section */
		490D02902588B43000A2F038 /* PBXTargetDependency */ = {
			isa = PBXTargetDependency;
			target = 490D027C2588B42F00A2F038 /* ToDoDiary */;
			targetProxy = 490D028F2588B43000A2F038 /* PBXContainerItemProxy */;
		};
		490D029B2588B43000A2F038 /* PBXTargetDependency */ = {
			isa = PBXTargetDependency;
			target = 490D027C2588B42F00A2F038 /* ToDoDiary */;
			targetProxy = 490D029A2588B43000A2F038 /* PBXContainerItemProxy */;
		};
/* End PBXTargetDependency section */

/* Begin XCBuildConfiguration section */
		490D02A02588B43000A2F038 /* Debug */ = {
			isa = XCBuildConfiguration;
			buildSettings = {
				ALWAYS_SEARCH_USER_PATHS = NO;
				CLANG_ANALYZER_NONNULL = YES;
				CLANG_ANALYZER_NUMBER_OBJECT_CONVERSION = YES_AGGRESSIVE;
				CLANG_CXX_LANGUAGE_STANDARD = "gnu++14";
				CLANG_CXX_LIBRARY = "libc++";
				CLANG_ENABLE_MODULES = YES;
				CLANG_ENABLE_OBJC_ARC = YES;
				CLANG_ENABLE_OBJC_WEAK = YES;
				CLANG_WARN_BLOCK_CAPTURE_AUTORELEASING = YES;
				CLANG_WARN_BOOL_CONVERSION = YES;
				CLANG_WARN_COMMA = YES;
				CLANG_WARN_CONSTANT_CONVERSION = YES;
				CLANG_WARN_DEPRECATED_OBJC_IMPLEMENTATIONS = YES;
				CLANG_WARN_DIRECT_OBJC_ISA_USAGE = YES_ERROR;
				CLANG_WARN_DOCUMENTATION_COMMENTS = YES;
				CLANG_WARN_EMPTY_BODY = YES;
				CLANG_WARN_ENUM_CONVERSION = YES;
				CLANG_WARN_INFINITE_RECURSION = YES;
				CLANG_WARN_INT_CONVERSION = YES;
				CLANG_WARN_NON_LITERAL_NULL_CONVERSION = YES;
				CLANG_WARN_OBJC_IMPLICIT_RETAIN_SELF = YES;
				CLANG_WARN_OBJC_LITERAL_CONVERSION = YES;
				CLANG_WARN_OBJC_ROOT_CLASS = YES_ERROR;
				CLANG_WARN_QUOTED_INCLUDE_IN_FRAMEWORK_HEADER = YES;
				CLANG_WARN_RANGE_LOOP_ANALYSIS = YES;
				CLANG_WARN_STRICT_PROTOTYPES = YES;
				CLANG_WARN_SUSPICIOUS_MOVE = YES;
				CLANG_WARN_UNGUARDED_AVAILABILITY = YES_AGGRESSIVE;
				CLANG_WARN_UNREACHABLE_CODE = YES;
				CLANG_WARN__DUPLICATE_METHOD_MATCH = YES;
				COPY_PHASE_STRIP = NO;
				DEBUG_INFORMATION_FORMAT = dwarf;
				ENABLE_STRICT_OBJC_MSGSEND = YES;
				ENABLE_TESTABILITY = YES;
				GCC_C_LANGUAGE_STANDARD = gnu11;
				GCC_DYNAMIC_NO_PIC = NO;
				GCC_NO_COMMON_BLOCKS = YES;
				GCC_OPTIMIZATION_LEVEL = 0;
				GCC_PREPROCESSOR_DEFINITIONS = (
					"DEBUG=1",
					"$(inherited)",
				);
				GCC_WARN_64_TO_32_BIT_CONVERSION = YES;
				GCC_WARN_ABOUT_RETURN_TYPE = YES_ERROR;
				GCC_WARN_UNDECLARED_SELECTOR = YES;
				GCC_WARN_UNINITIALIZED_AUTOS = YES_AGGRESSIVE;
				GCC_WARN_UNUSED_FUNCTION = YES;
				GCC_WARN_UNUSED_VARIABLE = YES;
				IPHONEOS_DEPLOYMENT_TARGET = 14.1;
				MTL_ENABLE_DEBUG_INFO = INCLUDE_SOURCE;
				MTL_FAST_MATH = YES;
				ONLY_ACTIVE_ARCH = YES;
				SDKROOT = iphoneos;
				SWIFT_ACTIVE_COMPILATION_CONDITIONS = DEBUG;
				SWIFT_OPTIMIZATION_LEVEL = "-Onone";
			};
			name = Debug;
		};
		490D02A12588B43000A2F038 /* Release */ = {
			isa = XCBuildConfiguration;
			buildSettings = {
				ALWAYS_SEARCH_USER_PATHS = NO;
				CLANG_ANALYZER_NONNULL = YES;
				CLANG_ANALYZER_NUMBER_OBJECT_CONVERSION = YES_AGGRESSIVE;
				CLANG_CXX_LANGUAGE_STANDARD = "gnu++14";
				CLANG_CXX_LIBRARY = "libc++";
				CLANG_ENABLE_MODULES = YES;
				CLANG_ENABLE_OBJC_ARC = YES;
				CLANG_ENABLE_OBJC_WEAK = YES;
				CLANG_WARN_BLOCK_CAPTURE_AUTORELEASING = YES;
				CLANG_WARN_BOOL_CONVERSION = YES;
				CLANG_WARN_COMMA = YES;
				CLANG_WARN_CONSTANT_CONVERSION = YES;
				CLANG_WARN_DEPRECATED_OBJC_IMPLEMENTATIONS = YES;
				CLANG_WARN_DIRECT_OBJC_ISA_USAGE = YES_ERROR;
				CLANG_WARN_DOCUMENTATION_COMMENTS = YES;
				CLANG_WARN_EMPTY_BODY = YES;
				CLANG_WARN_ENUM_CONVERSION = YES;
				CLANG_WARN_INFINITE_RECURSION = YES;
				CLANG_WARN_INT_CONVERSION = YES;
				CLANG_WARN_NON_LITERAL_NULL_CONVERSION = YES;
				CLANG_WARN_OBJC_IMPLICIT_RETAIN_SELF = YES;
				CLANG_WARN_OBJC_LITERAL_CONVERSION = YES;
				CLANG_WARN_OBJC_ROOT_CLASS = YES_ERROR;
				CLANG_WARN_QUOTED_INCLUDE_IN_FRAMEWORK_HEADER = YES;
				CLANG_WARN_RANGE_LOOP_ANALYSIS = YES;
				CLANG_WARN_STRICT_PROTOTYPES = YES;
				CLANG_WARN_SUSPICIOUS_MOVE = YES;
				CLANG_WARN_UNGUARDED_AVAILABILITY = YES_AGGRESSIVE;
				CLANG_WARN_UNREACHABLE_CODE = YES;
				CLANG_WARN__DUPLICATE_METHOD_MATCH = YES;
				COPY_PHASE_STRIP = NO;
				DEBUG_INFORMATION_FORMAT = "dwarf-with-dsym";
				ENABLE_NS_ASSERTIONS = NO;
				ENABLE_STRICT_OBJC_MSGSEND = YES;
				GCC_C_LANGUAGE_STANDARD = gnu11;
				GCC_NO_COMMON_BLOCKS = YES;
				GCC_WARN_64_TO_32_BIT_CONVERSION = YES;
				GCC_WARN_ABOUT_RETURN_TYPE = YES_ERROR;
				GCC_WARN_UNDECLARED_SELECTOR = YES;
				GCC_WARN_UNINITIALIZED_AUTOS = YES_AGGRESSIVE;
				GCC_WARN_UNUSED_FUNCTION = YES;
				GCC_WARN_UNUSED_VARIABLE = YES;
				IPHONEOS_DEPLOYMENT_TARGET = 14.1;
				MTL_ENABLE_DEBUG_INFO = NO;
				MTL_FAST_MATH = YES;
				SDKROOT = iphoneos;
				SWIFT_COMPILATION_MODE = wholemodule;
				SWIFT_OPTIMIZATION_LEVEL = "-O";
				VALIDATE_PRODUCT = YES;
			};
			name = Release;
		};
		490D02A32588B43000A2F038 /* Debug */ = {
			isa = XCBuildConfiguration;
			buildSettings = {
				ASSETCATALOG_COMPILER_APPICON_NAME = AppIcon;
				ASSETCATALOG_COMPILER_GLOBAL_ACCENT_COLOR_NAME = AccentColor;
				CODE_SIGN_STYLE = Automatic;
				DEVELOPMENT_ASSET_PATHS = "\"ToDoDiary/Preview Content\"";
				DEVELOPMENT_TEAM = 4XV222H52K;
				ENABLE_PREVIEWS = YES;
				INFOPLIST_FILE = ToDoDiary/Info.plist;
				IPHONEOS_DEPLOYMENT_TARGET = 14.0;
				LD_RUNPATH_SEARCH_PATHS = (
					"$(inherited)",
					"@executable_path/Frameworks",
				);
				PRODUCT_BUNDLE_IDENTIFIER = com.tishii24.ToDoDiary;
				PRODUCT_NAME = "$(TARGET_NAME)";
				SWIFT_VERSION = 5.0;
				TARGETED_DEVICE_FAMILY = "1,2";
			};
			name = Debug;
		};
		490D02A42588B43000A2F038 /* Release */ = {
			isa = XCBuildConfiguration;
			buildSettings = {
				ASSETCATALOG_COMPILER_APPICON_NAME = AppIcon;
				ASSETCATALOG_COMPILER_GLOBAL_ACCENT_COLOR_NAME = AccentColor;
				CODE_SIGN_STYLE = Automatic;
				DEVELOPMENT_ASSET_PATHS = "\"ToDoDiary/Preview Content\"";
				DEVELOPMENT_TEAM = 4XV222H52K;
				ENABLE_PREVIEWS = YES;
				INFOPLIST_FILE = ToDoDiary/Info.plist;
				IPHONEOS_DEPLOYMENT_TARGET = 14.0;
				LD_RUNPATH_SEARCH_PATHS = (
					"$(inherited)",
					"@executable_path/Frameworks",
				);
				PRODUCT_BUNDLE_IDENTIFIER = com.tishii24.ToDoDiary;
				PRODUCT_NAME = "$(TARGET_NAME)";
				SWIFT_VERSION = 5.0;
				TARGETED_DEVICE_FAMILY = "1,2";
			};
			name = Release;
		};
		490D02A62588B43000A2F038 /* Debug */ = {
			isa = XCBuildConfiguration;
			buildSettings = {
				ALWAYS_EMBED_SWIFT_STANDARD_LIBRARIES = YES;
				BUNDLE_LOADER = "$(TEST_HOST)";
				CODE_SIGN_STYLE = Automatic;
				DEVELOPMENT_TEAM = 4XV222H52K;
				INFOPLIST_FILE = ToDoDiaryTests/Info.plist;
				IPHONEOS_DEPLOYMENT_TARGET = 14.0;
				LD_RUNPATH_SEARCH_PATHS = (
					"$(inherited)",
					"@executable_path/Frameworks",
					"@loader_path/Frameworks",
				);
				PRODUCT_BUNDLE_IDENTIFIER = com.tishii24.ToDoDiaryTests;
				PRODUCT_NAME = "$(TARGET_NAME)";
				SWIFT_VERSION = 5.0;
				TARGETED_DEVICE_FAMILY = "1,2";
				TEST_HOST = "$(BUILT_PRODUCTS_DIR)/ToDoDiary.app/ToDoDiary";
			};
			name = Debug;
		};
		490D02A72588B43000A2F038 /* Release */ = {
			isa = XCBuildConfiguration;
			buildSettings = {
				ALWAYS_EMBED_SWIFT_STANDARD_LIBRARIES = YES;
				BUNDLE_LOADER = "$(TEST_HOST)";
				CODE_SIGN_STYLE = Automatic;
				DEVELOPMENT_TEAM = 4XV222H52K;
				INFOPLIST_FILE = ToDoDiaryTests/Info.plist;
				IPHONEOS_DEPLOYMENT_TARGET = 14.0;
				LD_RUNPATH_SEARCH_PATHS = (
					"$(inherited)",
					"@executable_path/Frameworks",
					"@loader_path/Frameworks",
				);
				PRODUCT_BUNDLE_IDENTIFIER = com.tishii24.ToDoDiaryTests;
				PRODUCT_NAME = "$(TARGET_NAME)";
				SWIFT_VERSION = 5.0;
				TARGETED_DEVICE_FAMILY = "1,2";
				TEST_HOST = "$(BUILT_PRODUCTS_DIR)/ToDoDiary.app/ToDoDiary";
			};
			name = Release;
		};
		490D02A92588B43000A2F038 /* Debug */ = {
			isa = XCBuildConfiguration;
			buildSettings = {
				ALWAYS_EMBED_SWIFT_STANDARD_LIBRARIES = YES;
				CODE_SIGN_STYLE = Automatic;
				DEVELOPMENT_TEAM = 4XV222H52K;
				INFOPLIST_FILE = ToDoDiaryUITests/Info.plist;
				LD_RUNPATH_SEARCH_PATHS = (
					"$(inherited)",
					"@executable_path/Frameworks",
					"@loader_path/Frameworks",
				);
				PRODUCT_BUNDLE_IDENTIFIER = com.tishii24.ToDoDiaryUITests;
				PRODUCT_NAME = "$(TARGET_NAME)";
				SWIFT_VERSION = 5.0;
				TARGETED_DEVICE_FAMILY = "1,2";
				TEST_TARGET_NAME = ToDoDiary;
			};
			name = Debug;
		};
		490D02AA2588B43000A2F038 /* Release */ = {
			isa = XCBuildConfiguration;
			buildSettings = {
				ALWAYS_EMBED_SWIFT_STANDARD_LIBRARIES = YES;
				CODE_SIGN_STYLE = Automatic;
				DEVELOPMENT_TEAM = 4XV222H52K;
				INFOPLIST_FILE = ToDoDiaryUITests/Info.plist;
				LD_RUNPATH_SEARCH_PATHS = (
					"$(inherited)",
					"@executable_path/Frameworks",
					"@loader_path/Frameworks",
				);
				PRODUCT_BUNDLE_IDENTIFIER = com.tishii24.ToDoDiaryUITests;
				PRODUCT_NAME = "$(TARGET_NAME)";
				SWIFT_VERSION = 5.0;
				TARGETED_DEVICE_FAMILY = "1,2";
				TEST_TARGET_NAME = ToDoDiary;
			};
			name = Release;
		};
/* End XCBuildConfiguration section */

/* Begin XCConfigurationList section */
		490D02782588B42F00A2F038 /* Build configuration list for PBXProject "ToDoDiary" */ = {
			isa = XCConfigurationList;
			buildConfigurations = (
				490D02A02588B43000A2F038 /* Debug */,
				490D02A12588B43000A2F038 /* Release */,
			);
			defaultConfigurationIsVisible = 0;
			defaultConfigurationName = Release;
		};
		490D02A22588B43000A2F038 /* Build configuration list for PBXNativeTarget "ToDoDiary" */ = {
			isa = XCConfigurationList;
			buildConfigurations = (
				490D02A32588B43000A2F038 /* Debug */,
				490D02A42588B43000A2F038 /* Release */,
			);
			defaultConfigurationIsVisible = 0;
			defaultConfigurationName = Release;
		};
		490D02A52588B43000A2F038 /* Build configuration list for PBXNativeTarget "ToDoDiaryTests" */ = {
			isa = XCConfigurationList;
			buildConfigurations = (
				490D02A62588B43000A2F038 /* Debug */,
				490D02A72588B43000A2F038 /* Release */,
			);
			defaultConfigurationIsVisible = 0;
			defaultConfigurationName = Release;
		};
		490D02A82588B43000A2F038 /* Build configuration list for PBXNativeTarget "ToDoDiaryUITests" */ = {
			isa = XCConfigurationList;
			buildConfigurations = (
				490D02A92588B43000A2F038 /* Debug */,
				490D02AA2588B43000A2F038 /* Release */,
			);
			defaultConfigurationIsVisible = 0;
			defaultConfigurationName = Release;
		};
/* End XCConfigurationList section */
	};
	rootObject = 490D02752588B42F00A2F038 /* Project object */;
}
